{
  "name": "gatling-ts-demo",
  "version": "1.0.0",
  "lockfileVersion": 3,
  "requires": true,
  "packages": {
    "": {
      "name": "gatling-ts-demo",
      "version": "1.0.0",
      "dependencies": {
        "@gatling.io/core": "../tmp/core/package",
        "@gatling.io/grpc": "../tmp/grpc/package",
        "@gatling.io/http": "../tmp/http/package",
        "@gatling.io/mqtt": "../tmp/mqtt/package",
        "uuid": "11.1.0"
      },
      "devDependencies": {
        "@gatling.io/cli": "../tmp/cli/package",
        "@gatling.io/jvm-types": "../tmp/jvm-types/package",
        "prettier": "3.7.4",
        "rimraf": "6.1.2",
        "typescript": "5.9.3"
      }
    },
    "../tmp/cli/package": {
      "name": "@gatling.io/cli",
      "version": "0.0.0",
      "dev": true,
      "license": "Apache-2.0",
      "dependencies": {
        "@jspm/core": "2.1.0",
        "archiver": "7.0.1",
        "commander": "14.0.3",
        "esbuild": "0.27.3",
        "esbuild-plugin-tsc": "0.5.0",
        "import-meta-resolve": "4.2.0",
        "make-fetch-happen": "15.0.3",
        "node-stream-zip": "1.15.0",
        "readline-sync": "1.4.10"
      },
      "bin": {
        "gatling": "target/index.js"
      },
      "devDependencies": {
        "@types/archiver": "7.0.0",
        "@types/make-fetch-happen": "10.0.4",
        "@types/node": "20.19.33",
        "@types/readline-sync": "1.4.8",
        "prettier": "3.8.1",
        "rimraf": "6.1.2",
        "typescript": "5.9.3"
      }
    },
    "../tmp/core/package": {
      "name": "@gatling.io/core",
      "version": "0.0.0",
      "license": "Apache-2.0",
      "dependencies": {
        "@gatling.io/jvm-types": "0.0.0"
      },
      "devDependencies": {
        "@types/jest": "30.0.0",
        "jest": "30.2.0",
        "prettier": "3.8.1",
        "rimraf": "6.1.2",
        "ts-jest": "29.4.6",
        "ts-node": "10.9.2",
        "typescript": "5.9.3"
      }
    },
    "../tmp/grpc/package": {
      "name": "@gatling.io/grpc",
      "version": "0.0.0",
      "license": "Apache-2.0",
      "dependencies": {
        "@gatling.io/core": "0.0.0",
        "@gatling.io/jvm-types": "0.0.0"
      },
      "devDependencies": {
        "@types/jest": "30.0.0",
        "jest": "30.2.0",
        "prettier": "3.8.1",
        "rimraf": "6.1.2",
        "ts-jest": "29.4.6",
        "ts-node": "10.9.2",
        "typescript": "5.9.3"
      }
    },
    "../tmp/http/package": {
      "name": "@gatling.io/http",
      "version": "0.0.0",
      "license": "Apache-2.0",
      "dependencies": {
        "@gatling.io/core": "0.0.0",
        "@gatling.io/jvm-types": "0.0.0"
      },
      "devDependencies": {
        "@types/jest": "30.0.0",
        "jest": "30.2.0",
        "prettier": "3.8.1",
        "rimraf": "6.1.2",
        "ts-jest": "29.4.6",
        "ts-node": "10.9.2",
        "typescript": "5.9.3"
      }
    },
    "../tmp/jvm-types/package": {
      "name": "@gatling.io/jvm-types",
      "version": "0.0.0",
      "dev": true,
      "license": "Apache-2.0",
      "devDependencies": {
        "typescript": "5.9.3"
      }
    },
    "../tmp/mqtt/package": {
      "name": "@gatling.io/mqtt",
      "version": "0.0.0",
      "license": "Apache-2.0",
      "dependencies": {
        "@gatling.io/core": "0.0.0",
        "@gatling.io/jvm-types": "0.0.0"
      },
      "devDependencies": {
        "@types/jest": "30.0.0",
        "jest": "30.2.0",
        "prettier": "3.8.1",
        "rimraf": "6.1.2",
        "ts-jest": "29.4.6",
        "ts-node": "10.9.2",
        "typescript": "5.9.3"
      }
    },
    "node_modules/@gatling.io/cli": {
      "resolved": "../tmp/cli/package",
      "link": true
    },
    "node_modules/@gatling.io/core": {
      "resolved": "../tmp/core/package",
      "link": true
    },
    "node_modules/@gatling.io/grpc": {
      "resolved": "../tmp/grpc/package",
      "link": true
    },
    "node_modules/@gatling.io/http": {
      "resolved": "../tmp/http/package",
      "link": true
    },
    "node_modules/@gatling.io/jvm-types": {
      "resolved": "../tmp/jvm-types/package",
      "link": true
    },
    "node_modules/@gatling.io/mqtt": {
      "resolved": "../tmp/mqtt/package",
      "link": true
    },
    "node_modules/@isaacs/balanced-match": {
      "version": "4.0.1",
      "resolved": "https://registry.npmjs.org/@isaacs/balanced-match/-/balanced-match-4.0.1.tgz",
      "integrity": "sha512-yzMTt9lEb8Gv7zRioUilSglI0c0smZ9k5D65677DLWLtWJaXIS3CqcGyUFByYKlnUj6TkjLVs54fBl6+TiGQDQ==",
      "dev": true,
      "license": "MIT",
      "engines": {
        "node": "20 || >=22"
      }
    },
    "node_modules/@isaacs/brace-expansion": {
      "version": "5.0.1",
      "resolved": "https://registry.npmjs.org/@isaacs/brace-expansion/-/brace-expansion-5.0.1.tgz",
      "integrity": "sha512-WMz71T1JS624nWj2n2fnYAuPovhv7EUhk69R6i9dsVyzxt5eM3bjwvgk9L+APE1TRscGysAVMANkB0jh0LQZrQ==",
      "dev": true,
      "license": "MIT",
      "dependencies": {
        "@isaacs/balanced-match": "^4.0.1"
      },
      "engines": {
        "node": "20 || >=22"
      }
    },
    "node_modules/glob": {
      "version": "13.0.2",
      "resolved": "https://registry.npmjs.org/glob/-/glob-13.0.2.tgz",
      "integrity": "sha512-035InabNu/c1lW0tzPhAgapKctblppqsKKG9ZaNzbr+gXwWMjXoiyGSyB9sArzrjG7jY+zntRq5ZSUYemrnWVQ==",
      "dev": true,
      "license": "BlueOak-1.0.0",
      "dependencies": {
        "minimatch": "^10.1.2",
        "minipass": "^7.1.2",
        "path-scurry": "^2.0.0"
      },
      "engines": {
        "node": "20 || >=22"
      },
      "funding": {
        "url": "https://github.com/sponsors/isaacs"
      }
    },
    "node_modules/lru-cache": {
      "version": "11.2.6",
      "resolved": "https://registry.npmjs.org/lru-cache/-/lru-cache-11.2.6.tgz",
      "integrity": "sha512-ESL2CrkS/2wTPfuend7Zhkzo2u0daGJ/A2VucJOgQ/C48S/zB8MMeMHSGKYpXhIjbPxfuezITkaBH1wqv00DDQ==",
      "dev": true,
      "license": "BlueOak-1.0.0",
      "engines": {
        "node": "20 || >=22"
      }
    },
    "node_modules/minimatch": {
      "version": "10.1.2",
      "resolved": "https://registry.npmjs.org/minimatch/-/minimatch-10.1.2.tgz",
      "integrity": "sha512-fu656aJ0n2kcXwsnwnv9g24tkU5uSmOlTjd6WyyaKm2Z+h1qmY6bAjrcaIxF/BslFqbZ8UBtbJi7KgQOZD2PTw==",
      "dev": true,
      "license": "BlueOak-1.0.0",
      "dependencies": {
        "@isaacs/brace-expansion": "^5.0.1"
      },
      "engines": {
        "node": "20 || >=22"
      },
      "funding": {
        "url": "https://github.com/sponsors/isaacs"
      }
    },
    "node_modules/minipass": {
      "version": "7.1.2",
      "resolved": "https://registry.npmjs.org/minipass/-/minipass-7.1.2.tgz",
      "integrity": "sha512-qOOzS1cBTWYF4BH8fVePDBOO9iptMnGUEZwNc/cMWnTV2nVLZ7VoNWEPHkYczZA0pdoA7dl6e7FL659nX9S2aw==",
      "dev": true,
      "license": "ISC",
      "engines": {
        "node": ">=16 || 14 >=14.17"
      }
    },
    "node_modules/package-json-from-dist": {
      "version": "1.0.1",
      "resolved": "https://registry.npmjs.org/package-json-from-dist/-/package-json-from-dist-1.0.1.tgz",
      "integrity": "sha512-UEZIS3/by4OC8vL3P2dTXRETpebLI2NiI5vIrjaD/5UtrkFX/tNbwjTSRAGC/+7CAo2pIcBaRgWmcBBHcsaCIw==",
      "dev": true,
      "license": "BlueOak-1.0.0"
    },
    "node_modules/path-scurry": {
      "version": "2.0.1",
      "resolved": "https://registry.npmjs.org/path-scurry/-/path-scurry-2.0.1.tgz",
      "integrity": "sha512-oWyT4gICAu+kaA7QWk/jvCHWarMKNs6pXOGWKDTr7cw4IGcUbW+PeTfbaQiLGheFRpjo6O9J0PmyMfQPjH71oA==",
      "dev": true,
      "license": "BlueOak-1.0.0",
      "dependencies": {
        "lru-cache": "^11.0.0",
        "minipass": "^7.1.2"
      },
      "engines": {
        "node": "20 || >=22"
      },
      "funding": {
        "url": "https://github.com/sponsors/isaacs"
      }
    },
    "node_modules/prettier": {
      "version": "3.7.4",
      "resolved": "https://registry.npmjs.org/prettier/-/prettier-3.7.4.tgz",
      "integrity": "sha512-v6UNi1+3hSlVvv8fSaoUbggEM5VErKmmpGA7Pl3HF8V6uKY7rvClBOJlH6yNwQtfTueNkGVpOv/mtWL9L4bgRA==",
      "dev": true,
      "license": "MIT",
      "bin": {
        "prettier": "bin/prettier.cjs"
      },
      "engines": {
        "node": ">=14"
      },
      "funding": {
        "url": "https://github.com/prettier/prettier?sponsor=1"
      }
    },
    "node_modules/rimraf": {
      "version": "6.1.2",
      "resolved": "https://registry.npmjs.org/rimraf/-/rimraf-6.1.2.tgz",
      "integrity": "sha512-cFCkPslJv7BAXJsYlK1dZsbP8/ZNLkCAQ0bi1hf5EKX2QHegmDFEFA6QhuYJlk7UDdc+02JjO80YSOrWPpw06g==",
      "dev": true,
      "license": "BlueOak-1.0.0",
      "dependencies": {
        "glob": "^13.0.0",
        "package-json-from-dist": "^1.0.1"
      },
      "bin": {
        "rimraf": "dist/esm/bin.mjs"
      },
      "engines": {
        "node": "20 || >=22"
      },
      "funding": {
        "url": "https://github.com/sponsors/isaacs"
      }
    },
    "node_modules/typescript": {
      "version": "5.9.3",
      "resolved": "https://registry.npmjs.org/typescript/-/typescript-5.9.3.tgz",
      "integrity": "sha512-jl1vZzPDinLr9eUt3J/t7V6FgNEw9QjvBPdysz9KfQDD41fQrC2Y4vKQdiaUpFT4bXlb1RHhLpp8wtm6M5TgSw==",
      "dev": true,
      "license": "Apache-2.0",
      "bin": {
        "tsc": "bin/tsc",
        "tsserver": "bin/tsserver"
      },
      "engines": {
        "node": ">=14.17"
      }
    },
    "node_modules/uuid": {
      "version": "11.1.0",
      "resolved": "https://registry.npmjs.org/uuid/-/uuid-11.1.0.tgz",
      "integrity": "sha512-0/A9rDy9P7cJ+8w1c9WD9V//9Wj15Ce2MPz8Ri6032usz+NfePxx5AcN3bN+r6ZL6jEo066/yNYB3tn4pQEx+A==",
      "funding": [
        "https://github.com/sponsors/broofa",
        "https://github.com/sponsors/ctavan"
      ],
      "license": "MIT",
      "bin": {
        "uuid": "dist/esm/bin/uuid"
      }
    }
  }
}
